Microsoft Visual Studio Solution File, Format Version 12.00
# Visual Studio Version 17
VisualStudioVersion = 17.5.2.0
MinimumVisualStudioVersion = 10.0.40219.1
Project("{FAE04EC0-301F-11D3-BF4B-00C04F79EFBC}") = "C5", "C5.csproj", "{8A5BE321-3590-14D5-C4BE-D1AFFA698C54}"
EndProject
Global
	GlobalSection(SolutionConfigurationPlatforms) = preSolution
		Debug|Any CPU = Debug|Any CPU
		Release|Any CPU = Release|Any CPU
	EndGlobalSection
	GlobalSection(ProjectConfigurationPlatforms) = postSolution
		{8A5BE321-3590-14D5-C4BE-D1AFFA698C54}.Debug|Any CPU.ActiveCfg = Debug|Any CPU
		{8A5BE321-3590-14D5-C4BE-D1AFFA698C54}.Debug|Any CPU.Build.0 = Debug|Any CPU
		{8A5BE321-3590-14D5-C4BE-D1AFFA698C54}.Release|Any CPU.ActiveCfg = Release|Any CPU
		{8A5BE321-3590-14D5-C4BE-D1AFFA698C54}.Release|Any CPU.Build.0 = Release|Any CPU
	EndGlobalSection
	GlobalSection(SolutionProperties) = preSolution
		HideSolutionNode = FALSE
	EndGlobalSection
	GlobalSection(ExtensibilityGlobals) = postSolution
		SolutionGuid = {15C45BE6-D516-49E8-9806-644FA8489704}
	EndGlobalSection
EndGlobal
